[[tools."cargo:zizmor"]]
version = "1.18.0"
backend = "cargo:zizmor"

[[tools.pinact]]
version = "3.4.6"
backend = "aqua:suzuki-shunsuke/pinact"
"platforms.linux-arm64" = { checksum = "sha256:6aefea25eb7b9d1c7d03e6b42564f20d2f30efefecb991428b33348418397c14", url = "https://github.com/suzuki-shunsuke/pinact/releases/download/v3.4.6/pinact_linux_arm64.tar.gz"}
"platforms.linux-x64" = { checksum = "sha256:1876ddd571ba8452c07a1b9b9a325bdfe074a467be9a81f3fd42743bf6043618", url = "https://github.com/suzuki-shunsuke/pinact/releases/download/v3.4.6/pinact_linux_amd64.tar.gz"}
"platforms.macos-arm64" = { checksum = "sha256:1d6e8239537eada29e94285ea1e5d1a1db27db9320a9621c9e1d6427f118aee4", url = "https://github.com/suzuki-shunsuke/pinact/releases/download/v3.4.6/pinact_darwin_arm64.tar.gz"}
"platforms.macos-x64" = { checksum = "sha256:13b6167ea25befa2115f7e44bba2cff5b2fb6448d98b3bd7b4592eda973b7b12", url = "https://github.com/suzuki-shunsuke/pinact/releases/download/v3.4.6/pinact_darwin_amd64.tar.gz"}
"platforms.windows-x64" = { checksum = "sha256:fe68e29ad61ecbf48f7dcf3abbe722efc626237e43fad04e1ec5db23cdf05e94", url = "https://github.com/suzuki-shunsuke/pinact/releases/download/v3.4.6/pinact_windows_amd64.zip"}
